
Microsoft Visual Studio Solution File, Format Version 12.00
Project("{FAE04EC0-301F-11D3-BF4B-00C04F79EFBC}") = "Parcial_03", "Parcial_03.csproj", "{B1525866-670F-442E-8812-97BD54637EDE}"
EndProject
Global
	GlobalSection(SolutionConfigurationPlatforms) = preSolution
		Debug|Any CPU = Debug|Any CPU
		Release|Any CPU = Release|Any CPU
	EndGlobalSection
	GlobalSection(ProjectConfigurationPlatforms) = postSolution
		{B1525866-670F-442E-8812-97BD54637EDE}.Debug|Any CPU.ActiveCfg = Debug|Any CPU
		{B1525866-670F-442E-8812-97BD54637EDE}.Debug|Any CPU.Build.0 = Debug|Any CPU
		{B1525866-670F-442E-8812-97BD54637EDE}.Release|Any CPU.ActiveCfg = Release|Any CPU
		{B1525866-670F-442E-8812-97BD54637EDE}.Release|Any CPU.Build.0 = Release|Any CPU
	EndGlobalSection
EndGlobal
